Microsoft Visual Studio Solution File, Format Version 12.00
# Visual Studio Version 17
VisualStudioVersion = 17.5.2.0
MinimumVisualStudioVersion = 10.0.40219.1
Project("{FAE04EC0-301F-11D3-BF4B-00C04F79EFBC}") = "backend-dotnet", "backend-dotnet\backend-dotnet.csproj", "{2D81C02B-BDB8-1407-530C-1B649AA24FE5}"
EndProject
Global
	GlobalSection(SolutionConfigurationPlatforms) = preSolution
		Debug|Any CPU = Debug|Any CPU
		Release|Any CPU = Release|Any CPU
	EndGlobalSection
	GlobalSection(ProjectConfigurationPlatforms) = postSolution
		{2D81C02B-BDB8-1407-530C-1B649AA24FE5}.Debug|Any CPU.ActiveCfg = Debug|Any CPU
		{2D81C02B-BDB8-1407-530C-1B649AA24FE5}.Debug|Any CPU.Build.0 = Debug|Any CPU
		{2D81C02B-BDB8-1407-530C-1B649AA24FE5}.Release|Any CPU.ActiveCfg = Release|Any CPU
		{2D81C02B-BDB8-1407-530C-1B649AA24FE5}.Release|Any CPU.Build.0 = Release|Any CPU
	EndGlobalSection
	GlobalSection(SolutionProperties) = preSolution
		HideSolutionNode = FALSE
	EndGlobalSection
	GlobalSection(ExtensibilityGlobals) = postSolution
		SolutionGuid = {7CDF0792-3B94-4A27-90C8-2DDC78CBD8E9}
	EndGlobalSection
EndGlobal
